
Microsoft Visual Studio Solution File, Format Version 12.00
# Visual Studio Version 17
VisualStudioVersion = 17.8.34511.84
MinimumVisualStudioVersion = 10.0.40219.1
Project("{9A19103F-16F7-4668-BE54-9A1E7A4F7556}") = "PasswordAnalysisService.Core.Tests", "PasswordAnalysisService.Core.Tests\PasswordAnalysisService.Core.Tests.csproj", "{2923DB8F-37B6-4E2C-ABB9-733480FA957E}"
EndProject
Project("{9A19103F-16F7-4668-BE54-9A1E7A4F7556}") = "PasswordAnalysisService.Infrastructure.Tests", "PasswordAnalysisService.Infrastructure.Tests\PasswordAnalysisService.Infrastructure.Tests.csproj", "{2336CDB0-779D-4CFE-BE00-7907DB0FCC71}"
EndProject
Project("{9A19103F-16F7-4668-BE54-9A1E7A4F7556}") = "PasswordAnalysisService.Api", "PasswordAnalysisService.Api\PasswordAnalysisService.Api.csproj", "{0778EB18-2A60-4309-A430-96EEBCB251FC}"
EndProject
Project("{9A19103F-16F7-4668-BE54-9A1E7A4F7556}") = "PasswordAnalysisService.Core", "PasswordAnalysisService.Core\PasswordAnalysisService.Core.csproj", "{64CC9B14-99DD-40AB-81D8-ED8445E2612B}"
EndProject
Project("{9A19103F-16F7-4668-BE54-9A1E7A4F7556}") = "PasswordAnalysisService.Infrastructure", "PasswordAnalysisService.Infrastructure\PasswordAnalysisService.Infrastructure.csproj", "{F357F625-8EC1-4359-8F3C-A7319E478204}"
EndProject
Global
	GlobalSection(SolutionConfigurationPlatforms) = preSolution
		Debug|Any CPU = Debug|Any CPU
		Release|Any CPU = Release|Any CPU
	EndGlobalSection
	GlobalSection(ProjectConfigurationPlatforms) = postSolution
		{2923DB8F-37B6-4E2C-ABB9-733480FA957E}.Debug|Any CPU.ActiveCfg = Debug|Any CPU
		{2923DB8F-37B6-4E2C-ABB9-733480FA957E}.Debug|Any CPU.Build.0 = Debug|Any CPU
		{2923DB8F-37B6-4E2C-ABB9-733480FA957E}.Release|Any CPU.ActiveCfg = Release|Any CPU
		{2923DB8F-37B6-4E2C-ABB9-733480FA957E}.Release|Any CPU.Build.0 = Release|Any CPU
		{2336CDB0-779D-4CFE-BE00-7907DB0FCC71}.Debug|Any CPU.ActiveCfg = Debug|Any CPU
		{2336CDB0-779D-4CFE-BE00-7907DB0FCC71}.Debug|Any CPU.Build.0 = Debug|Any CPU
		{2336CDB0-779D-4CFE-BE00-7907DB0FCC71}.Release|Any CPU.ActiveCfg = Release|Any CPU
		{2336CDB0-779D-4CFE-BE00-7907DB0FCC71}.Release|Any CPU.Build.0 = Release|Any CPU
		{0778EB18-2A60-4309-A430-96EEBCB251FC}.Debug|Any CPU.ActiveCfg = Debug|Any CPU
		{0778EB18-2A60-4309-A430-96EEBCB251FC}.Debug|Any CPU.Build.0 = Debug|Any CPU
		{0778EB18-2A60-4309-A430-96EEBCB251FC}.Release|Any CPU.ActiveCfg = Release|Any CPU
		{0778EB18-2A60-4309-A430-96EEBCB251FC}.Release|Any CPU.Build.0 = Release|Any CPU
		{64CC9B14-99DD-40AB-81D8-ED8445E2612B}.Debug|Any CPU.ActiveCfg = Debug|Any CPU
		{64CC9B14-99DD-40AB-81D8-ED8445E2612B}.Debug|Any CPU.Build.0 = Debug|Any CPU
		{64CC9B14-99DD-40AB-81D8-ED8445E2612B}.Release|Any CPU.ActiveCfg = Release|Any CPU
		{64CC9B14-99DD-40AB-81D8-ED8445E2612B}.Release|Any CPU.Build.0 = Release|Any CPU
		{F357F625-8EC1-4359-8F3C-A7319E478204}.Debug|Any CPU.ActiveCfg = Debug|Any CPU
		{F357F625-8EC1-4359-8F3C-A7319E478204}.Debug|Any CPU.Build.0 = Debug|Any CPU
		{F357F625-8EC1-4359-8F3C-A7319E478204}.Release|Any CPU.ActiveCfg = Release|Any CPU
		{F357F625-8EC1-4359-8F3C-A7319E478204}.Release|Any CPU.Build.0 = Release|Any CPU
	EndGlobalSection
	GlobalSection(SolutionProperties) = preSolution
		HideSolutionNode = FALSE
	EndGlobalSection
	GlobalSection(ExtensibilityGlobals) = postSolution
		SolutionGuid = {5FF3ED62-92C7-41BA-BDB2-F6D5FBB7CEBF}
	EndGlobalSection
EndGlobal
